// !$*UTF8*$!
{
	archiveVersion = 1;
	classes = {
	};
	objectVersion = 56;
	objects = {

/* Begin PBXBuildFile section */
		0A1986A629BE66C300876C60 /* HistoryView.swift in Sources */ = {isa = PBXBuildFile; fileRef = 0A1986A529BE66C300876C60 /* HistoryView.swift */; };
		0A1986A829BE66CD00876C60 /* RecommendationsView.swift in Sources */ = {isa = PBXBuildFile; fileRef = 0A1986A729BE66CD00876C60 /* RecommendationsView.swift */; };
		0A834F1D29B9257D0063AA6C /* MTabView.swift in Sources */ = {isa = PBXBuildFile; fileRef = 0A834F1C29B9257D0063AA6C /* MTabView.swift */; };
		0A834F1F29B925A30063AA6C /* WelcomeView.swift in Sources */ = {isa = PBXBuildFile; fileRef = 0A834F1E29B925A30063AA6C /* WelcomeView.swift */; };
		0A834F2129B926410063AA6C /* LibraryView.swift in Sources */ = {isa = PBXBuildFile; fileRef = 0A834F2029B926410063AA6C /* LibraryView.swift */; };
		0A834F2429B926AF0063AA6C /* MusadoraKit in Frameworks */ = {isa = PBXBuildFile; productRef = 0A834F2329B926AF0063AA6C /* MusadoraKit */; };
		0A834F2829B92C890063AA6C /* LibraryViewModel.swift in Sources */ = {isa = PBXBuildFile; fileRef = 0A834F2729B92C890063AA6C /* LibraryViewModel.swift */; };
		0A8FFEFB29B9248F0029A91F /* MusadoraApp.swift in Sources */ = {isa = PBXBuildFile; fileRef = 0A8FFEFA29B9248F0029A91F /* MusadoraApp.swift */; };
		0A8FFEFF29B9248F0029A91F /* Assets.xcassets in Resources */ = {isa = PBXBuildFile; fileRef = 0A8FFEFE29B9248F0029A91F /* Assets.xcassets */; };
		0A8FFF0229B9248F0029A91F /* Preview Assets.xcassets in Resources */ = {isa = PBXBuildFile; fileRef = 0A8FFF0129B9248F0029A91F /* Preview Assets.xcassets */; };
		0AEDB6EC29C0DFF600B6AB8A /* ChartsView.swift in Sources */ = {isa = PBXBuildFile; fileRef = 0AEDB6EB29C0DFF600B6AB8A /* ChartsView.swift */; };
		0AEDB6EE29C0E09F00B6AB8A /* ChartView.swift in Sources */ = {isa = PBXBuildFile; fileRef = 0AEDB6ED29C0E09F00B6AB8A /* ChartView.swift */; };
		0AEDB6F029C0E0C100B6AB8A /* RecommendationView.swift in Sources */ = {isa = PBXBuildFile; fileRef = 0AEDB6EF29C0E0C100B6AB8A /* RecommendationView.swift */; };
		0AEDB6F229C0E2A800B6AB8A /* SongChartView.swift in Sources */ = {isa = PBXBuildFile; fileRef = 0AEDB6F129C0E2A800B6AB8A /* SongChartView.swift */; };
		0AEDB6F429C0F0C900B6AB8A /* AlbumChartView.swift in Sources */ = {isa = PBXBuildFile; fileRef = 0AEDB6F329C0F0C900B6AB8A /* AlbumChartView.swift */; };
		0AEDB6F629C0F16200B6AB8A /* PlaylistChartView.swift in Sources */ = {isa = PBXBuildFile; fileRef = 0AEDB6F529C0F16200B6AB8A /* PlaylistChartView.swift */; };
		0AEDB6F829C0F22400B6AB8A /* MusicVideoChartView.swift in Sources */ = {isa = PBXBuildFile; fileRef = 0AEDB6F729C0F22400B6AB8A /* MusicVideoChartView.swift */; };
		8F85810E29BE124F00BDC749 /* CatalogView.swift in Sources */ = {isa = PBXBuildFile; fileRef = 8F85810D29BE124F00BDC749 /* CatalogView.swift */; };
		8F85811129BE145F00BDC749 /* StationGenresView.swift in Sources */ = {isa = PBXBuildFile; fileRef = 8F85811029BE145F00BDC749 /* StationGenresView.swift */; };
		8F85811329BE148300BDC749 /* StationGenreDetailedView.swift in Sources */ = {isa = PBXBuildFile; fileRef = 8F85811229BE148300BDC749 /* StationGenreDetailedView.swift */; };
/* End PBXBuildFile section */

/* Begin PBXFileReference section */
		0A1986A529BE66C300876C60 /* HistoryView.swift */ = {isa = PBXFileReference; lastKnownFileType = sourcecode.swift; path = HistoryView.swift; sourceTree = "<group>"; };
		0A1986A729BE66CD00876C60 /* RecommendationsView.swift */ = {isa = PBXFileReference; lastKnownFileType = sourcecode.swift; path = RecommendationsView.swift; sourceTree = "<group>"; };
		0A834F1C29B9257D0063AA6C /* MTabView.swift */ = {isa = PBXFileReference; lastKnownFileType = sourcecode.swift; path = MTabView.swift; sourceTree = "<group>"; };
		0A834F1E29B925A30063AA6C /* WelcomeView.swift */ = {isa = PBXFileReference; lastKnownFileType = sourcecode.swift; path = WelcomeView.swift; sourceTree = "<group>"; };
		0A834F2029B926410063AA6C /* LibraryView.swift */ = {isa = PBXFileReference; lastKnownFileType = sourcecode.swift; path = LibraryView.swift; sourceTree = "<group>"; };
		0A834F2529B928510063AA6C /* Info.plist */ = {isa = PBXFileReference; lastKnownFileType = text.plist; path = Info.plist; sourceTree = "<group>"; };
		0A834F2729B92C890063AA6C /* LibraryViewModel.swift */ = {isa = PBXFileReference; lastKnownFileType = sourcecode.swift; path = LibraryViewModel.swift; sourceTree = "<group>"; };
		0A8FFEF729B9248F0029A91F /* Musadora.app */ = {isa = PBXFileReference; explicitFileType = wrapper.application; includeInIndex = 0; path = Musadora.app; sourceTree = BUILT_PRODUCTS_DIR; };
		0A8FFEFA29B9248F0029A91F /* MusadoraApp.swift */ = {isa = PBXFileReference; lastKnownFileType = sourcecode.swift; path = MusadoraApp.swift; sourceTree = "<group>"; };
		0A8FFEFE29B9248F0029A91F /* Assets.xcassets */ = {isa = PBXFileReference; lastKnownFileType = folder.assetcatalog; path = Assets.xcassets; sourceTree = "<group>"; };
		0A8FFF0129B9248F0029A91F /* Preview Assets.xcassets */ = {isa = PBXFileReference; lastKnownFileType = folder.assetcatalog; path = "Preview Assets.xcassets"; sourceTree = "<group>"; };
		0AEDB6EB29C0DFF600B6AB8A /* ChartsView.swift */ = {isa = PBXFileReference; lastKnownFileType = sourcecode.swift; path = ChartsView.swift; sourceTree = "<group>"; };
		0AEDB6ED29C0E09F00B6AB8A /* ChartView.swift */ = {isa = PBXFileReference; lastKnownFileType = sourcecode.swift; path = ChartView.swift; sourceTree = "<group>"; };
		0AEDB6EF29C0E0C100B6AB8A /* RecommendationView.swift */ = {isa = PBXFileReference; lastKnownFileType = sourcecode.swift; path = RecommendationView.swift; sourceTree = "<group>"; };
		0AEDB6F129C0E2A800B6AB8A /* SongChartView.swift */ = {isa = PBXFileReference; lastKnownFileType = sourcecode.swift; path = SongChartView.swift; sourceTree = "<group>"; };
		0AEDB6F329C0F0C900B6AB8A /* AlbumChartView.swift */ = {isa = PBXFileReference; lastKnownFileType = sourcecode.swift; path = AlbumChartView.swift; sourceTree = "<group>"; };
		0AEDB6F529C0F16200B6AB8A /* PlaylistChartView.swift */ = {isa = PBXFileReference; lastKnownFileType = sourcecode.swift; path = PlaylistChartView.swift; sourceTree = "<group>"; };
		0AEDB6F729C0F22400B6AB8A /* MusicVideoChartView.swift */ = {isa = PBXFileReference; lastKnownFileType = sourcecode.swift; path = MusicVideoChartView.swift; sourceTree = "<group>"; };
		8F85810D29BE124F00BDC749 /* CatalogView.swift */ = {isa = PBXFileReference; fileEncoding = 4; lastKnownFileType = sourcecode.swift; path = CatalogView.swift; sourceTree = "<group>"; };
		8F85811029BE145F00BDC749 /* StationGenresView.swift */ = {isa = PBXFileReference; lastKnownFileType = sourcecode.swift; path = StationGenresView.swift; sourceTree = "<group>"; };
		8F85811229BE148300BDC749 /* StationGenreDetailedView.swift */ = {isa = PBXFileReference; lastKnownFileType = sourcecode.swift; path = StationGenreDetailedView.swift; sourceTree = "<group>"; };
/* End PBXFileReference section */

/* Begin PBXFrameworksBuildPhase section */
		0A8FFEF429B9248E0029A91F /* Frameworks */ = {
			isa = PBXFrameworksBuildPhase;
			buildActionMask = 2147483647;
			files = (
				0A834F2429B926AF0063AA6C /* MusadoraKit in Frameworks */,
			);
			runOnlyForDeploymentPostprocessing = 0;
		};
/* End PBXFrameworksBuildPhase section */

/* Begin PBXGroup section */
		0A1986A429BE66B900876C60 /* History */ = {
			isa = PBXGroup;
			children = (
				0A1986A529BE66C300876C60 /* HistoryView.swift */,
			);
			path = History;
			sourceTree = "<group>";
		};
		0A1986A929BE66D500876C60 /* Recommendations */ = {
			isa = PBXGroup;
			children = (
				0A1986A729BE66CD00876C60 /* RecommendationsView.swift */,
				0AEDB6EF29C0E0C100B6AB8A /* RecommendationView.swift */,
			);
			path = Recommendations;
			sourceTree = "<group>";
		};
		0A834F2629B92C800063AA6C /* Library */ = {
			isa = PBXGroup;
			children = (
				0A834F2029B926410063AA6C /* LibraryView.swift */,
				0A834F2729B92C890063AA6C /* LibraryViewModel.swift */,
			);
			path = Library;
			sourceTree = "<group>";
		};
		0A8FFEEE29B9248E0029A91F = {
			isa = PBXGroup;
			children = (
				0A8FFEF929B9248F0029A91F /* Musadora */,
				0A8FFEF829B9248F0029A91F /* Products */,
			);
			sourceTree = "<group>";
		};
		0A8FFEF829B9248F0029A91F /* Products */ = {
			isa = PBXGroup;
			children = (
				0A8FFEF729B9248F0029A91F /* Musadora.app */,
			);
			name = Products;
			sourceTree = "<group>";
		};
		0A8FFEF929B9248F0029A91F /* Musadora */ = {
			isa = PBXGroup;
			children = (
				0AEDB6EA29C0DFE500B6AB8A /* Onboarding */,
				0AEDB6E929C0DFDB00B6AB8A /* Main */,
				0AEDB6E829C0DFD300B6AB8A /* Charts */,
				0A1986A929BE66D500876C60 /* Recommendations */,
				0A1986A429BE66B900876C60 /* History */,
				8F85810C29BE124100BDC749 /* Catalog */,
				0A834F2629B92C800063AA6C /* Library */,
				0A834F2529B928510063AA6C /* Info.plist */,
				0A8FFEFE29B9248F0029A91F /* Assets.xcassets */,
				0A8FFF0029B9248F0029A91F /* Preview Content */,
			);
			path = Musadora;
			sourceTree = "<group>";
		};
		0A8FFF0029B9248F0029A91F /* Preview Content */ = {
			isa = PBXGroup;
			children = (
				0A8FFF0129B9248F0029A91F /* Preview Assets.xcassets */,
			);
			path = "Preview Content";
			sourceTree = "<group>";
		};
		0AEDB6E829C0DFD300B6AB8A /* Charts */ = {
			isa = PBXGroup;
			children = (
				0AEDB6EB29C0DFF600B6AB8A /* ChartsView.swift */,
				0AEDB6ED29C0E09F00B6AB8A /* ChartView.swift */,
				0AEDB6F729C0F22400B6AB8A /* MusicVideoChartView.swift */,
				0AEDB6F129C0E2A800B6AB8A /* SongChartView.swift */,
				0AEDB6F329C0F0C900B6AB8A /* AlbumChartView.swift */,
				0AEDB6F529C0F16200B6AB8A /* PlaylistChartView.swift */,
			);
			path = Charts;
			sourceTree = "<group>";
		};
		0AEDB6E929C0DFDB00B6AB8A /* Main */ = {
			isa = PBXGroup;
			children = (
				0A8FFEFA29B9248F0029A91F /* MusadoraApp.swift */,
				0A834F1C29B9257D0063AA6C /* MTabView.swift */,
			);
			path = Main;
			sourceTree = "<group>";
		};
		0AEDB6EA29C0DFE500B6AB8A /* Onboarding */ = {
			isa = PBXGroup;
			children = (
				0A834F1E29B925A30063AA6C /* WelcomeView.swift */,
			);
			path = Onboarding;
			sourceTree = "<group>";
		};
		8F85810C29BE124100BDC749 /* Catalog */ = {
			isa = PBXGroup;
			children = (
				8F85810F29BE145800BDC749 /* Station Genres */,
				8F85810D29BE124F00BDC749 /* CatalogView.swift */,
			);
			path = Catalog;
			sourceTree = "<group>";
		};
		8F85810F29BE145800BDC749 /* Station Genres */ = {
			isa = PBXGroup;
			children = (
				8F85811029BE145F00BDC749 /* StationGenresView.swift */,
				8F85811229BE148300BDC749 /* StationGenreDetailedView.swift */,
			);
			path = "Station Genres";
			sourceTree = "<group>";
		};
/* End PBXGroup section */

/* Begin PBXNativeTarget section */
		0A8FFEF629B9248E0029A91F /* Musadora */ = {
			isa = PBXNativeTarget;
			buildConfigurationList = 0A8FFF0529B9248F0029A91F /* Build configuration list for PBXNativeTarget "Musadora" */;
			buildPhases = (
				0A8FFEF329B9248E0029A91F /* Sources */,
				0A8FFEF429B9248E0029A91F /* Frameworks */,
				0A8FFEF529B9248E0029A91F /* Resources */,
			);
			buildRules = (
			);
			dependencies = (
			);
			name = Musadora;
			packageProductDependencies = (
				0A834F2329B926AF0063AA6C /* MusadoraKit */,
			);
			productName = Musadora;
			productReference = 0A8FFEF729B9248F0029A91F /* Musadora.app */;
			productType = "com.apple.product-type.application";
		};
/* End PBXNativeTarget section */

/* Begin PBXProject section */
		0A8FFEEF29B9248E0029A91F /* Project object */ = {
			isa = PBXProject;
			attributes = {
				BuildIndependentTargetsInParallel = 1;
				LastSwiftUpdateCheck = 1420;
				LastUpgradeCheck = 1420;
				TargetAttributes = {
					0A8FFEF629B9248E0029A91F = {
						CreatedOnToolsVersion = 14.2;
					};
				};
			};
			buildConfigurationList = 0A8FFEF229B9248E0029A91F /* Build configuration list for PBXProject "Musadora" */;
			compatibilityVersion = "Xcode 14.0";
			developmentRegion = en;
			hasScannedForEncodings = 0;
			knownRegions = (
				en,
				Base,
			);
			mainGroup = 0A8FFEEE29B9248E0029A91F;
			packageReferences = (
				0A834F2229B926AF0063AA6C /* XCRemoteSwiftPackageReference "MusadoraKit" */,
			);
			productRefGroup = 0A8FFEF829B9248F0029A91F /* Products */;
			projectDirPath = "";
			projectRoot = "";
			targets = (
				0A8FFEF629B9248E0029A91F /* Musadora */,
			);
		};
/* End PBXProject section */

/* Begin PBXResourcesBuildPhase section */
		0A8FFEF529B9248E0029A91F /* Resources */ = {
			isa = PBXResourcesBuildPhase;
			buildActionMask = 2147483647;
			files = (
				0A8FFF0229B9248F0029A91F /* Preview Assets.xcassets in Resources */,
				0A8FFEFF29B9248F0029A91F /* Assets.xcassets in Resources */,
			);
			runOnlyForDeploymentPostprocessing = 0;
		};
/* End PBXResourcesBuildPhase section */

/* Begin PBXSourcesBuildPhase section */
		0A8FFEF329B9248E0029A91F /* Sources */ = {
			isa = PBXSourcesBuildPhase;
			buildActionMask = 2147483647;
			files = (
				0A8FFEFB29B9248F0029A91F /* MusadoraApp.swift in Sources */,
				0AEDB6F629C0F16200B6AB8A /* PlaylistChartView.swift in Sources */,
				0A834F1D29B9257D0063AA6C /* MTabView.swift in Sources */,
				0A834F2129B926410063AA6C /* LibraryView.swift in Sources */,
				8F85811329BE148300BDC749 /* StationGenreDetailedView.swift in Sources */,
				0AEDB6F429C0F0C900B6AB8A /* AlbumChartView.swift in Sources */,
				0AEDB6F829C0F22400B6AB8A /* MusicVideoChartView.swift in Sources */,
				0A834F2829B92C890063AA6C /* LibraryViewModel.swift in Sources */,
				0AEDB6F029C0E0C100B6AB8A /* RecommendationView.swift in Sources */,
				8F85811129BE145F00BDC749 /* StationGenresView.swift in Sources */,
				8F85810E29BE124F00BDC749 /* CatalogView.swift in Sources */,
				0A1986A629BE66C300876C60 /* HistoryView.swift in Sources */,
				0A834F1F29B925A30063AA6C /* WelcomeView.swift in Sources */,
				0AEDB6F229C0E2A800B6AB8A /* SongChartView.swift in Sources */,
				0A1986A829BE66CD00876C60 /* RecommendationsView.swift in Sources */,
				0AEDB6EC29C0DFF600B6AB8A /* ChartsView.swift in Sources */,
				0AEDB6EE29C0E09F00B6AB8A /* ChartView.swift in Sources */,
			);
			runOnlyForDeploymentPostprocessing = 0;
		};
/* End PBXSourcesBuildPhase section */

/* Begin XCBuildConfiguration section */
		0A8FFF0329B9248F0029A91F /* Debug */ = {
			isa = XCBuildConfiguration;
			buildSettings = {
				ALWAYS_SEARCH_USER_PATHS = NO;
				CLANG_ANALYZER_NONNULL = YES;
				CLANG_ANALYZER_NUMBER_OBJECT_CONVERSION = YES_AGGRESSIVE;
				CLANG_CXX_LANGUAGE_STANDARD = "gnu++20";
				CLANG_ENABLE_MODULES = YES;
				CLANG_ENABLE_OBJC_ARC = YES;
				CLANG_ENABLE_OBJC_WEAK = YES;
				CLANG_WARN_BLOCK_CAPTURE_AUTORELEASING = YES;
				CLANG_WARN_BOOL_CONVERSION = YES;
				CLANG_WARN_COMMA = YES;
				CLANG_WARN_CONSTANT_CONVERSION = YES;
				CLANG_WARN_DEPRECATED_OBJC_IMPLEMENTATIONS = YES;
				CLANG_WARN_DIRECT_OBJC_ISA_USAGE = YES_ERROR;
				CLANG_WARN_DOCUMENTATION_COMMENTS = YES;
				CLANG_WARN_EMPTY_BODY = YES;
				CLANG_WARN_ENUM_CONVERSION = YES;
				CLANG_WARN_INFINITE_RECURSION = YES;
				CLANG_WARN_INT_CONVERSION = YES;
				CLANG_WARN_NON_LITERAL_NULL_CONVERSION = YES;
				CLANG_WARN_OBJC_IMPLICIT_RETAIN_SELF = YES;
				CLANG_WARN_OBJC_LITERAL_CONVERSION = YES;
				CLANG_WARN_OBJC_ROOT_CLASS = YES_ERROR;
				CLANG_WARN_QUOTED_INCLUDE_IN_FRAMEWORK_HEADER = YES;
				CLANG_WARN_RANGE_LOOP_ANALYSIS = YES;
				CLANG_WARN_STRICT_PROTOTYPES = YES;
				CLANG_WARN_SUSPICIOUS_MOVE = YES;
				CLANG_WARN_UNGUARDED_AVAILABILITY = YES_AGGRESSIVE;
				CLANG_WARN_UNREACHABLE_CODE = YES;
				CLANG_WARN__DUPLICATE_METHOD_MATCH = YES;
				COPY_PHASE_STRIP = NO;
				DEBUG_INFORMATION_FORMAT = dwarf;
				ENABLE_STRICT_OBJC_MSGSEND = YES;
				ENABLE_TESTABILITY = YES;
				GCC_C_LANGUAGE_STANDARD = gnu11;
				GCC_DYNAMIC_NO_PIC = NO;
				GCC_NO_COMMON_BLOCKS = YES;
				GCC_OPTIMIZATION_LEVEL = 0;
				GCC_PREPROCESSOR_DEFINITIONS = (
					"DEBUG=1",
					"$(inherited)",
				);
				GCC_WARN_64_TO_32_BIT_CONVERSION = YES;
				GCC_WARN_ABOUT_RETURN_TYPE = YES_ERROR;
				GCC_WARN_UNDECLARED_SELECTOR = YES;
				GCC_WARN_UNINITIALIZED_AUTOS = YES_AGGRESSIVE;
				GCC_WARN_UNUSED_FUNCTION = YES;
				GCC_WARN_UNUSED_VARIABLE = YES;
				IPHONEOS_DEPLOYMENT_TARGET = 16.2;
				MTL_ENABLE_DEBUG_INFO = INCLUDE_SOURCE;
				MTL_FAST_MATH = YES;
				ONLY_ACTIVE_ARCH = YES;
				SDKROOT = iphoneos;
				SWIFT_ACTIVE_COMPILATION_CONDITIONS = DEBUG;
				SWIFT_OPTIMIZATION_LEVEL = "-Onone";
			};
			name = Debug;
		};
		0A8FFF0429B9248F0029A91F /* Release */ = {
			isa = XCBuildConfiguration;
			buildSettings = {
				ALWAYS_SEARCH_USER_PATHS = NO;
				CLANG_ANALYZER_NONNULL = YES;
				CLANG_ANALYZER_NUMBER_OBJECT_CONVERSION = YES_AGGRESSIVE;
				CLANG_CXX_LANGUAGE_STANDARD = "gnu++20";
				CLANG_ENABLE_MODULES = YES;
				CLANG_ENABLE_OBJC_ARC = YES;
				CLANG_ENABLE_OBJC_WEAK = YES;
				CLANG_WARN_BLOCK_CAPTURE_AUTORELEASING = YES;
				CLANG_WARN_BOOL_CONVERSION = YES;
				CLANG_WARN_COMMA = YES;
				CLANG_WARN_CONSTANT_CONVERSION = YES;
				CLANG_WARN_DEPRECATED_OBJC_IMPLEMENTATIONS = YES;
				CLANG_WARN_DIRECT_OBJC_ISA_USAGE = YES_ERROR;
				CLANG_WARN_DOCUMENTATION_COMMENTS = YES;
				CLANG_WARN_EMPTY_BODY = YES;
				CLANG_WARN_ENUM_CONVERSION = YES;
				CLANG_WARN_INFINITE_RECURSION = YES;
				CLANG_WARN_INT_CONVERSION = YES;
				CLANG_WARN_NON_LITERAL_NULL_CONVERSION = YES;
				CLANG_WARN_OBJC_IMPLICIT_RETAIN_SELF = YES;
				CLANG_WARN_OBJC_LITERAL_CONVERSION = YES;
				CLANG_WARN_OBJC_ROOT_CLASS = YES_ERROR;
				CLANG_WARN_QUOTED_INCLUDE_IN_FRAMEWORK_HEADER = YES;
				CLANG_WARN_RANGE_LOOP_ANALYSIS = YES;
				CLANG_WARN_STRICT_PROTOTYPES = YES;
				CLANG_WARN_SUSPICIOUS_MOVE = YES;
				CLANG_WARN_UNGUARDED_AVAILABILITY = YES_AGGRESSIVE;
				CLANG_WARN_UNREACHABLE_CODE = YES;
				CLANG_WARN__DUPLICATE_METHOD_MATCH = YES;
				COPY_PHASE_STRIP = NO;
				DEBUG_INFORMATION_FORMAT = "dwarf-with-dsym";
				ENABLE_NS_ASSERTIONS = NO;
				ENABLE_STRICT_OBJC_MSGSEND = YES;
				GCC_C_LANGUAGE_STANDARD = gnu11;
				GCC_NO_COMMON_BLOCKS = YES;
				GCC_WARN_64_TO_32_BIT_CONVERSION = YES;
				GCC_WARN_ABOUT_RETURN_TYPE = YES_ERROR;
				GCC_WARN_UNDECLARED_SELECTOR = YES;
				GCC_WARN_UNINITIALIZED_AUTOS = YES_AGGRESSIVE;
				GCC_WARN_UNUSED_FUNCTION = YES;
				GCC_WARN_UNUSED_VARIABLE = YES;
				IPHONEOS_DEPLOYMENT_TARGET = 16.2;
				MTL_ENABLE_DEBUG_INFO = NO;
				MTL_FAST_MATH = YES;
				SDKROOT = iphoneos;
				SWIFT_COMPILATION_MODE = wholemodule;
				SWIFT_OPTIMIZATION_LEVEL = "-O";
				VALIDATE_PRODUCT = YES;
			};
			name = Release;
		};
		0A8FFF0629B9248F0029A91F /* Debug */ = {
			isa = XCBuildConfiguration;
			buildSettings = {
				ASSETCATALOG_COMPILER_APPICON_NAME = AppIcon;
				ASSETCATALOG_COMPILER_GLOBAL_ACCENT_COLOR_NAME = AccentColor;
				CODE_SIGN_STYLE = Automatic;
				CURRENT_PROJECT_VERSION = 1;
				DEVELOPMENT_ASSET_PATHS = "\"Musadora/Preview Content\"";
				DEVELOPMENT_TEAM = YQZQG7N4WG;
				ENABLE_PREVIEWS = YES;
				GENERATE_INFOPLIST_FILE = YES;
				INFOPLIST_FILE = Musadora/Info.plist;
				INFOPLIST_KEY_NSAppleMusicUsageDescription = "Please let Musadora have access to your Apple Music library.";
				INFOPLIST_KEY_UIApplicationSceneManifest_Generation = YES;
				INFOPLIST_KEY_UIApplicationSupportsIndirectInputEvents = YES;
				INFOPLIST_KEY_UILaunchScreen_Generation = YES;
				INFOPLIST_KEY_UISupportedInterfaceOrientations_iPad = "UIInterfaceOrientationPortrait UIInterfaceOrientationPortraitUpsideDown UIInterfaceOrientationLandscapeLeft UIInterfaceOrientationLandscapeRight";
				INFOPLIST_KEY_UISupportedInterfaceOrientations_iPhone = "UIInterfaceOrientationPortrait UIInterfaceOrientationLandscapeLeft UIInterfaceOrientationLandscapeRight";
				IPHONEOS_DEPLOYMENT_TARGET = 16.0;
				LD_RUNPATH_SEARCH_PATHS = (
					"$(inherited)",
					"@executable_path/Frameworks",
				);
				MARKETING_VERSION = 1.0;
				PRODUCT_BUNDLE_IDENTIFIER = com.rudrankriyam.musadora;
				PRODUCT_NAME = "$(TARGET_NAME)";
				SWIFT_EMIT_LOC_STRINGS = YES;
				SWIFT_VERSION = 5.0;
				TARGETED_DEVICE_FAMILY = "1,2";
			};
			name = Debug;
		};
		0A8FFF0729B9248F0029A91F /* Release */ = {
			isa = XCBuildConfiguration;
			buildSettings = {
				ASSETCATALOG_COMPILER_APPICON_NAME = AppIcon;
				ASSETCATALOG_COMPILER_GLOBAL_ACCENT_COLOR_NAME = AccentColor;
				CODE_SIGN_STYLE = Automatic;
				CURRENT_PROJECT_VERSION = 1;
				DEVELOPMENT_ASSET_PATHS = "\"Musadora/Preview Content\"";
				DEVELOPMENT_TEAM = YQZQG7N4WG;
				ENABLE_PREVIEWS = YES;
				GENERATE_INFOPLIST_FILE = YES;
				INFOPLIST_FILE = Musadora/Info.plist;
				INFOPLIST_KEY_NSAppleMusicUsageDescription = "Please let Musadora have access to your Apple Music library.";
				INFOPLIST_KEY_UIApplicationSceneManifest_Generation = YES;
				INFOPLIST_KEY_UIApplicationSupportsIndirectInputEvents = YES;
				INFOPLIST_KEY_UILaunchScreen_Generation = YES;
				INFOPLIST_KEY_UISupportedInterfaceOrientations_iPad = "UIInterfaceOrientationPortrait UIInterfaceOrientationPortraitUpsideDown UIInterfaceOrientationLandscapeLeft UIInterfaceOrientationLandscapeRight";
				INFOPLIST_KEY_UISupportedInterfaceOrientations_iPhone = "UIInterfaceOrientationPortrait UIInterfaceOrientationLandscapeLeft UIInterfaceOrientationLandscapeRight";
				IPHONEOS_DEPLOYMENT_TARGET = 16.0;
				LD_RUNPATH_SEARCH_PATHS = (
					"$(inherited)",
					"@executable_path/Frameworks",
				);
				MARKETING_VERSION = 1.0;
				PRODUCT_BUNDLE_IDENTIFIER = com.rudrankriyam.musadora;
				PRODUCT_NAME = "$(TARGET_NAME)";
				SWIFT_EMIT_LOC_STRINGS = YES;
				SWIFT_VERSION = 5.0;
				TARGETED_DEVICE_FAMILY = "1,2";
			};
			name = Release;
		};
/* End XCBuildConfiguration section */

/* Begin XCConfigurationList section */
		0A8FFEF229B9248E0029A91F /* Build configuration list for PBXProject "Musadora" */ = {
			isa = XCConfigurationList;
			buildConfigurations = (
				0A8FFF0329B9248F0029A91F /* Debug */,
				0A8FFF0429B9248F0029A91F /* Release */,
			);
			defaultConfigurationIsVisible = 0;
			defaultConfigurationName = Release;
		};
		0A8FFF0529B9248F0029A91F /* Build configuration list for PBXNativeTarget "Musadora" */ = {
			isa = XCConfigurationList;
			buildConfigurations = (
				0A8FFF0629B9248F0029A91F /* Debug */,
				0A8FFF0729B9248F0029A91F /* Release */,
			);
			defaultConfigurationIsVisible = 0;
			defaultConfigurationName = Release;
		};
/* End XCConfigurationList section */

/* Begin XCRemoteSwiftPackageReference section */
		0A834F2229B926AF0063AA6C /* XCRemoteSwiftPackageReference "MusadoraKit" */ = {
			isa = XCRemoteSwiftPackageReference;
			repositoryURL = "https://github.com/rryam/MusadoraKit";
			requirement = {
				branch = main;
				kind = branch;
			};
		};
/* End XCRemoteSwiftPackageReference section */

/* Begin XCSwiftPackageProductDependency section */
		0A834F2329B926AF0063AA6C /* MusadoraKit */ = {
			isa = XCSwiftPackageProductDependency;
			package = 0A834F2229B926AF0063AA6C /* XCRemoteSwiftPackageReference "MusadoraKit" */;
			productName = MusadoraKit;
		};
/* End XCSwiftPackageProductDependency section */
	};
	rootObject = 0A8FFEEF29B9248E0029A91F /* Project object */;
}
