{
  "originHash" : "cd6af0cf2f8ff347cfff7aa71beb2683ef2df0f08d88311dff4cdc7f35af4d20",
  "pins" : [
    {
      "identity" : "musadorakit",
      "kind" : "remoteSourceControl",
      "location" : "https://github.com/rryam/MusadoraKit",
      "state" : {
        "branch" : "main",
        "revision" : "36ee64f6eeace2afdde88c47ac13802cba11d5b5"
      }
    }
  ],
  "version" : 3
}
